// !$*UTF8*$!
{
	archiveVersion = 1;
	classes = {
	};
	objectVersion = 50;
	objects = {

/* Begin PBXBuildFile section */
		308662B421FA48A1005D6681 /* AppDelegate.swift in Sources */ = {isa = PBXBuildFile; fileRef = 308662B321FA48A1005D6681 /* AppDelegate.swift */; };
		308662B621FA48A1005D6681 /* GameScene.sks in Resources */ = {isa = PBXBuildFile; fileRef = 308662B521FA48A1005D6681 /* GameScene.sks */; };
		308662B821FA48A1005D6681 /* Actions.sks in Resources */ = {isa = PBXBuildFile; fileRef = 308662B721FA48A1005D6681 /* Actions.sks */; };
		308662BA21FA48A1005D6681 /* GameScene.swift in Sources */ = {isa = PBXBuildFile; fileRef = 308662B921FA48A1005D6681 /* GameScene.swift */; };
		308662BC21FA48A1005D6681 /* ViewController.swift in Sources */ = {isa = PBXBuildFile; fileRef = 308662BB21FA48A1005D6681 /* ViewController.swift */; };
		308662BF21FA48A1005D6681 /* Main.storyboard in Resources */ = {isa = PBXBuildFile; fileRef = 308662BD21FA48A1005D6681 /* Main.storyboard */; };
		308662C121FA48A2005D6681 /* Assets.xcassets in Resources */ = {isa = PBXBuildFile; fileRef = 308662C021FA48A2005D6681 /* Assets.xcassets */; };
		308662C421FA48A2005D6681 /* LaunchScreen.storyboard in Resources */ = {isa = PBXBuildFile; fileRef = 308662C221FA48A2005D6681 /* LaunchScreen.storyboard */; };
		308662CF21FA48A3005D6681 /* SlotMachineTests.swift in Sources */ = {isa = PBXBuildFile; fileRef = 308662CE21FA48A3005D6681 /* SlotMachineTests.swift */; };
		308662DA21FA48A3005D6681 /* SlotMachineUITests.swift in Sources */ = {isa = PBXBuildFile; fileRef = 308662D921FA48A3005D6681 /* SlotMachineUITests.swift */; };
		308662E821FA6016005D6681 /* Utils.swift in Sources */ = {isa = PBXBuildFile; fileRef = 308662E721FA6016005D6681 /* Utils.swift */; };
		308662EA21FA9149005D6681 /* Model.swift in Sources */ = {isa = PBXBuildFile; fileRef = 308662E921FA9149005D6681 /* Model.swift */; };
		308662ED21FAAD8A005D6681 /* spin.wav in Resources */ = {isa = PBXBuildFile; fileRef = 308662EB21FAAD8A005D6681 /* spin.wav */; };
		308662EE21FAAD8A005D6681 /* win.wav in Resources */ = {isa = PBXBuildFile; fileRef = 308662EC21FAAD8A005D6681 /* win.wav */; };
/* End PBXBuildFile section */

/* Begin PBXContainerItemProxy section */
		308662CB21FA48A3005D6681 /* PBXContainerItemProxy */ = {
			isa = PBXContainerItemProxy;
			containerPortal = 308662A821FA48A1005D6681 /* Project object */;
			proxyType = 1;
			remoteGlobalIDString = 308662AF21FA48A1005D6681;
			remoteInfo = SlotMachine;
		};
		308662D621FA48A3005D6681 /* PBXContainerItemProxy */ = {
			isa = PBXContainerItemProxy;
			containerPortal = 308662A821FA48A1005D6681 /* Project object */;
			proxyType = 1;
			remoteGlobalIDString = 308662AF21FA48A1005D6681;
			remoteInfo = SlotMachine;
		};
/* End PBXContainerItemProxy section */

/* Begin PBXFileReference section */
		308662B021FA48A1005D6681 /* SlotMachine.app */ = {isa = PBXFileReference; explicitFileType = wrapper.application; includeInIndex = 0; path = SlotMachine.app; sourceTree = BUILT_PRODUCTS_DIR; };
		308662B321FA48A1005D6681 /* AppDelegate.swift */ = {isa = PBXFileReference; lastKnownFileType = sourcecode.swift; path = AppDelegate.swift; sourceTree = "<group>"; };
		308662B521FA48A1005D6681 /* GameScene.sks */ = {isa = PBXFileReference; lastKnownFileType = file.sks; path = GameScene.sks; sourceTree = "<group>"; };
		308662B721FA48A1005D6681 /* Actions.sks */ = {isa = PBXFileReference; lastKnownFileType = file.sks; path = Actions.sks; sourceTree = "<group>"; };
		308662B921FA48A1005D6681 /* GameScene.swift */ = {isa = PBXFileReference; lastKnownFileType = sourcecode.swift; path = GameScene.swift; sourceTree = "<group>"; };
		308662BB21FA48A1005D6681 /* ViewController.swift */ = {isa = PBXFileReference; lastKnownFileType = sourcecode.swift; path = ViewController.swift; sourceTree = "<group>"; };
		308662BE21FA48A1005D6681 /* Base */ = {isa = PBXFileReference; lastKnownFileType = file.storyboard; name = Base; path = Base.lproj/Main.storyboard; sourceTree = "<group>"; };
		308662C021FA48A2005D6681 /* Assets.xcassets */ = {isa = PBXFileReference; lastKnownFileType = folder.assetcatalog; path = Assets.xcassets; sourceTree = "<group>"; };
		308662C321FA48A2005D6681 /* Base */ = {isa = PBXFileReference; lastKnownFileType = file.storyboard; name = Base; path = Base.lproj/LaunchScreen.storyboard; sourceTree = "<group>"; };
		308662C521FA48A2005D6681 /* Info.plist */ = {isa = PBXFileReference; lastKnownFileType = text.plist.xml; path = Info.plist; sourceTree = "<group>"; };
		308662CA21FA48A3005D6681 /* SlotMachineTests.xctest */ = {isa = PBXFileReference; explicitFileType = wrapper.cfbundle; includeInIndex = 0; path = SlotMachineTests.xctest; sourceTree = BUILT_PRODUCTS_DIR; };
		308662CE21FA48A3005D6681 /* SlotMachineTests.swift */ = {isa = PBXFileReference; lastKnownFileType = sourcecode.swift; path = SlotMachineTests.swift; sourceTree = "<group>"; };
		308662D021FA48A3005D6681 /* Info.plist */ = {isa = PBXFileReference; lastKnownFileType = text.plist.xml; path = Info.plist; sourceTree = "<group>"; };
		308662D521FA48A3005D6681 /* SlotMachineUITests.xctest */ = {isa = PBXFileReference; explicitFileType = wrapper.cfbundle; includeInIndex = 0; path = SlotMachineUITests.xctest; sourceTree = BUILT_PRODUCTS_DIR; };
		308662D921FA48A3005D6681 /* SlotMachineUITests.swift */ = {isa = PBXFileReference; lastKnownFileType = sourcecode.swift; path = SlotMachineUITests.swift; sourceTree = "<group>"; };
		308662DB21FA48A3005D6681 /* Info.plist */ = {isa = PBXFileReference; lastKnownFileType = text.plist.xml; path = Info.plist; sourceTree = "<group>"; };
		308662E721FA6016005D6681 /* Utils.swift */ = {isa = PBXFileReference; lastKnownFileType = sourcecode.swift; path = Utils.swift; sourceTree = "<group>"; };
		308662E921FA9149005D6681 /* Model.swift */ = {isa = PBXFileReference; lastKnownFileType = sourcecode.swift; path = Model.swift; sourceTree = "<group>"; };
		308662EB21FAAD8A005D6681 /* spin.wav */ = {isa = PBXFileReference; lastKnownFileType = audio.wav; path = spin.wav; sourceTree = "<group>"; };
		308662EC21FAAD8A005D6681 /* win.wav */ = {isa = PBXFileReference; lastKnownFileType = audio.wav; path = win.wav; sourceTree = "<group>"; };
/* End PBXFileReference section */

/* Begin PBXFrameworksBuildPhase section */
		308662AD21FA48A1005D6681 /* Frameworks */ = {
			isa = PBXFrameworksBuildPhase;
			buildActionMask = 2147483647;
			files = (
			);
			runOnlyForDeploymentPostprocessing = 0;
		};
		308662C721FA48A3005D6681 /* Frameworks */ = {
			isa = PBXFrameworksBuildPhase;
			buildActionMask = 2147483647;
			files = (
			);
			runOnlyForDeploymentPostprocessing = 0;
		};
		308662D221FA48A3005D6681 /* Frameworks */ = {
			isa = PBXFrameworksBuildPhase;
			buildActionMask = 2147483647;
			files = (
			);
			runOnlyForDeploymentPostprocessing = 0;
		};
/* End PBXFrameworksBuildPhase section */

/* Begin PBXGroup section */
		308662A721FA48A1005D6681 = {
			isa = PBXGroup;
			children = (
				308662B221FA48A1005D6681 /* SlotMachine */,
				308662CD21FA48A3005D6681 /* SlotMachineTests */,
				308662D821FA48A3005D6681 /* SlotMachineUITests */,
				308662B121FA48A1005D6681 /* Products */,
			);
			sourceTree = "<group>";
		};
		308662B121FA48A1005D6681 /* Products */ = {
			isa = PBXGroup;
			children = (
				308662B021FA48A1005D6681 /* SlotMachine.app */,
				308662CA21FA48A3005D6681 /* SlotMachineTests.xctest */,
				308662D521FA48A3005D6681 /* SlotMachineUITests.xctest */,
			);
			name = Products;
			sourceTree = "<group>";
		};
		308662B221FA48A1005D6681 /* SlotMachine */ = {
			isa = PBXGroup;
			children = (
				308662B321FA48A1005D6681 /* AppDelegate.swift */,
				308662B521FA48A1005D6681 /* GameScene.sks */,
				308662B721FA48A1005D6681 /* Actions.sks */,
				308662B921FA48A1005D6681 /* GameScene.swift */,
				308662BB21FA48A1005D6681 /* ViewController.swift */,
				308662BD21FA48A1005D6681 /* Main.storyboard */,
				308662C021FA48A2005D6681 /* Assets.xcassets */,
				308662C221FA48A2005D6681 /* LaunchScreen.storyboard */,
				308662EB21FAAD8A005D6681 /* spin.wav */,
				308662EC21FAAD8A005D6681 /* win.wav */,
				308662C521FA48A2005D6681 /* Info.plist */,
				308662E721FA6016005D6681 /* Utils.swift */,
				308662E921FA9149005D6681 /* Model.swift */,
			);
			path = SlotMachine;
			sourceTree = "<group>";
		};
		308662CD21FA48A3005D6681 /* SlotMachineTests */ = {
			isa = PBXGroup;
			children = (
				308662CE21FA48A3005D6681 /* SlotMachineTests.swift */,
				308662D021FA48A3005D6681 /* Info.plist */,
			);
			path = SlotMachineTests;
			sourceTree = "<group>";
		};
		308662D821FA48A3005D6681 /* SlotMachineUITests */ = {
			isa = PBXGroup;
			children = (
				308662D921FA48A3005D6681 /* SlotMachineUITests.swift */,
				308662DB21FA48A3005D6681 /* Info.plist */,
			);
			path = SlotMachineUITests;
			sourceTree = "<group>";
		};
/* End PBXGroup section */

/* Begin PBXNativeTarget section */
		308662AF21FA48A1005D6681 /* SlotMachine */ = {
			isa = PBXNativeTarget;
			buildConfigurationList = 308662DE21FA48A3005D6681 /* Build configuration list for PBXNativeTarget "SlotMachine" */;
			buildPhases = (
				308662AC21FA48A1005D6681 /* Sources */,
				308662AD21FA48A1005D6681 /* Frameworks */,
				308662AE21FA48A1005D6681 /* Resources */,
			);
			buildRules = (
			);
			dependencies = (
			);
			name = SlotMachine;
			productName = SlotMachine;
			productReference = 308662B021FA48A1005D6681 /* SlotMachine.app */;
			productType = "com.apple.product-type.application";
		};
		308662C921FA48A3005D6681 /* SlotMachineTests */ = {
			isa = PBXNativeTarget;
			buildConfigurationList = 308662E121FA48A3005D6681 /* Build configuration list for PBXNativeTarget "SlotMachineTests" */;
			buildPhases = (
				308662C621FA48A3005D6681 /* Sources */,
				308662C721FA48A3005D6681 /* Frameworks */,
				308662C821FA48A3005D6681 /* Resources */,
			);
			buildRules = (
			);
			dependencies = (
				308662CC21FA48A3005D6681 /* PBXTargetDependency */,
			);
			name = SlotMachineTests;
			productName = SlotMachineTests;
			productReference = 308662CA21FA48A3005D6681 /* SlotMachineTests.xctest */;
			productType = "com.apple.product-type.bundle.unit-test";
		};
		308662D421FA48A3005D6681 /* SlotMachineUITests */ = {
			isa = PBXNativeTarget;
			buildConfigurationList = 308662E421FA48A3005D6681 /* Build configuration list for PBXNativeTarget "SlotMachineUITests" */;
			buildPhases = (
				308662D121FA48A3005D6681 /* Sources */,
				308662D221FA48A3005D6681 /* Frameworks */,
				308662D321FA48A3005D6681 /* Resources */,
			);
			buildRules = (
			);
			dependencies = (
				308662D721FA48A3005D6681 /* PBXTargetDependency */,
			);
			name = SlotMachineUITests;
			productName = SlotMachineUITests;
			productReference = 308662D521FA48A3005D6681 /* SlotMachineUITests.xctest */;
			productType = "com.apple.product-type.bundle.ui-testing";
		};
/* End PBXNativeTarget section */

/* Begin PBXProject section */
		308662A821FA48A1005D6681 /* Project object */ = {
			isa = PBXProject;
			attributes = {
				LastSwiftUpdateCheck = 1010;
				LastUpgradeCheck = 1010;
				ORGANIZATIONNAME = "Centennial College";
				TargetAttributes = {
					308662AF21FA48A1005D6681 = {
						CreatedOnToolsVersion = 10.1;
					};
					308662C921FA48A3005D6681 = {
						CreatedOnToolsVersion = 10.1;
						TestTargetID = 308662AF21FA48A1005D6681;
					};
					308662D421FA48A3005D6681 = {
						CreatedOnToolsVersion = 10.1;
						TestTargetID = 308662AF21FA48A1005D6681;
					};
				};
			};
			buildConfigurationList = 308662AB21FA48A1005D6681 /* Build configuration list for PBXProject "SlotMachine" */;
			compatibilityVersion = "Xcode 9.3";
			developmentRegion = en;
			hasScannedForEncodings = 0;
			knownRegions = (
				en,
				Base,
			);
			mainGroup = 308662A721FA48A1005D6681;
			productRefGroup = 308662B121FA48A1005D6681 /* Products */;
			projectDirPath = "";
			projectRoot = "";
			targets = (
				308662AF21FA48A1005D6681 /* SlotMachine */,
				308662C921FA48A3005D6681 /* SlotMachineTests */,
				308662D421FA48A3005D6681 /* SlotMachineUITests */,
			);
		};
/* End PBXProject section */

/* Begin PBXResourcesBuildPhase section */
		308662AE21FA48A1005D6681 /* Resources */ = {
			isa = PBXResourcesBuildPhase;
			buildActionMask = 2147483647;
			files = (
				308662EE21FAAD8A005D6681 /* win.wav in Resources */,
				308662ED21FAAD8A005D6681 /* spin.wav in Resources */,
				308662BF21FA48A1005D6681 /* Main.storyboard in Resources */,
				308662B621FA48A1005D6681 /* GameScene.sks in Resources */,
				308662C121FA48A2005D6681 /* Assets.xcassets in Resources */,
				308662C421FA48A2005D6681 /* LaunchScreen.storyboard in Resources */,
				308662B821FA48A1005D6681 /* Actions.sks in Resources */,
			);
			runOnlyForDeploymentPostprocessing = 0;
		};
		308662C821FA48A3005D6681 /* Resources */ = {
			isa = PBXResourcesBuildPhase;
			buildActionMask = 2147483647;
			files = (
			);
			runOnlyForDeploymentPostprocessing = 0;
		};
		308662D321FA48A3005D6681 /* Resources */ = {
			isa = PBXResourcesBuildPhase;
			buildActionMask = 2147483647;
			files = (
			);
			runOnlyForDeploymentPostprocessing = 0;
		};
/* End PBXResourcesBuildPhase section */

/* Begin PBXSourcesBuildPhase section */
		308662AC21FA48A1005D6681 /* Sources */ = {
			isa = PBXSourcesBuildPhase;
			buildActionMask = 2147483647;
			files = (
				308662EA21FA9149005D6681 /* Model.swift in Sources */,
				308662BA21FA48A1005D6681 /* GameScene.swift in Sources */,
				308662BC21FA48A1005D6681 /* ViewController.swift in Sources */,
				308662B421FA48A1005D6681 /* AppDelegate.swift in Sources */,
				308662E821FA6016005D6681 /* Utils.swift in Sources */,
			);
			runOnlyForDeploymentPostprocessing = 0;
		};
		308662C621FA48A3005D6681 /* Sources */ = {
			isa = PBXSourcesBuildPhase;
			buildActionMask = 2147483647;
			files = (
				308662CF21FA48A3005D6681 /* SlotMachineTests.swift in Sources */,
			);
			runOnlyForDeploymentPostprocessing = 0;
		};
		308662D121FA48A3005D6681 /* Sources */ = {
			isa = PBXSourcesBuildPhase;
			buildActionMask = 2147483647;
			files = (
				308662DA21FA48A3005D6681 /* SlotMachineUITests.swift in Sources */,
			);
			runOnlyForDeploymentPostprocessing = 0;
		};
/* End PBXSourcesBuildPhase section */

/* Begin PBXTargetDependency section */
		308662CC21FA48A3005D6681 /* PBXTargetDependency */ = {
			isa = PBXTargetDependency;
			target = 308662AF21FA48A1005D6681 /* SlotMachine */;
			targetProxy = 308662CB21FA48A3005D6681 /* PBXContainerItemProxy */;
		};
		308662D721FA48A3005D6681 /* PBXTargetDependency */ = {
			isa = PBXTargetDependency;
			target = 308662AF21FA48A1005D6681 /* SlotMachine */;
			targetProxy = 308662D621FA48A3005D6681 /* PBXContainerItemProxy */;
		};
/* End PBXTargetDependency section */

/* Begin PBXVariantGroup section */
		308662BD21FA48A1005D6681 /* Main.storyboard */ = {
			isa = PBXVariantGroup;
			children = (
				308662BE21FA48A1005D6681 /* Base */,
			);
			name = Main.storyboard;
			sourceTree = "<group>";
		};
		308662C221FA48A2005D6681 /* LaunchScreen.storyboard */ = {
			isa = PBXVariantGroup;
			children = (
				308662C321FA48A2005D6681 /* Base */,
			);
			name = LaunchScreen.storyboard;
			sourceTree = "<group>";
		};
/* End PBXVariantGroup section */

/* Begin XCBuildConfiguration section */
		308662DC21FA48A3005D6681 /* Debug */ = {
			isa = XCBuildConfiguration;
			buildSettings = {
				ALWAYS_SEARCH_USER_PATHS = NO;
				CLANG_ANALYZER_NONNULL = YES;
				CLANG_ANALYZER_NUMBER_OBJECT_CONVERSION = YES_AGGRESSIVE;
				CLANG_CXX_LANGUAGE_STANDARD = "gnu++14";
				CLANG_CXX_LIBRARY = "libc++";
				CLANG_ENABLE_MODULES = YES;
				CLANG_ENABLE_OBJC_ARC = YES;
				CLANG_ENABLE_OBJC_WEAK = YES;
				CLANG_WARN_BLOCK_CAPTURE_AUTORELEASING = YES;
				CLANG_WARN_BOOL_CONVERSION = YES;
				CLANG_WARN_COMMA = YES;
				CLANG_WARN_CONSTANT_CONVERSION = YES;
				CLANG_WARN_DEPRECATED_OBJC_IMPLEMENTATIONS = YES;
				CLANG_WARN_DIRECT_OBJC_ISA_USAGE = YES_ERROR;
				CLANG_WARN_DOCUMENTATION_COMMENTS = YES;
				CLANG_WARN_EMPTY_BODY = YES;
				CLANG_WARN_ENUM_CONVERSION = YES;
				CLANG_WARN_INFINITE_RECURSION = YES;
				CLANG_WARN_INT_CONVERSION = YES;
				CLANG_WARN_NON_LITERAL_NULL_CONVERSION = YES;
				CLANG_WARN_OBJC_IMPLICIT_RETAIN_SELF = YES;
				CLANG_WARN_OBJC_LITERAL_CONVERSION = YES;
				CLANG_WARN_OBJC_ROOT_CLASS = YES_ERROR;
				CLANG_WARN_RANGE_LOOP_ANALYSIS = YES;
				CLANG_WARN_STRICT_PROTOTYPES = YES;
				CLANG_WARN_SUSPICIOUS_MOVE = YES;
				CLANG_WARN_UNGUARDED_AVAILABILITY = YES_AGGRESSIVE;
				CLANG_WARN_UNREACHABLE_CODE = YES;
				CLANG_WARN__DUPLICATE_METHOD_MATCH = YES;
				CODE_SIGN_IDENTITY = "iPhone Developer";
				COPY_PHASE_STRIP = NO;
				DEBUG_INFORMATION_FORMAT = dwarf;
				ENABLE_STRICT_OBJC_MSGSEND = YES;
				ENABLE_TESTABILITY = YES;
				GCC_C_LANGUAGE_STANDARD = gnu11;
				GCC_DYNAMIC_NO_PIC = NO;
				GCC_NO_COMMON_BLOCKS = YES;
				GCC_OPTIMIZATION_LEVEL = 0;
				GCC_PREPROCESSOR_DEFINITIONS = (
					"DEBUG=1",
					"$(inherited)",
				);
				GCC_WARN_64_TO_32_BIT_CONVERSION = YES;
				GCC_WARN_ABOUT_RETURN_TYPE = YES_ERROR;
				GCC_WARN_UNDECLARED_SELECTOR = YES;
				GCC_WARN_UNINITIALIZED_AUTOS = YES_AGGRESSIVE;
				GCC_WARN_UNUSED_FUNCTION = YES;
				GCC_WARN_UNUSED_VARIABLE = YES;
				IPHONEOS_DEPLOYMENT_TARGET = 12.1;
				MTL_ENABLE_DEBUG_INFO = INCLUDE_SOURCE;
				MTL_FAST_MATH = YES;
				ONLY_ACTIVE_ARCH = YES;
				SDKROOT = iphoneos;
				SWIFT_ACTIVE_COMPILATION_CONDITIONS = DEBUG;
				SWIFT_OPTIMIZATION_LEVEL = "-Onone";
			};
			name = Debug;
		};
		308662DD21FA48A3005D6681 /* Release */ = {
			isa = XCBuildConfiguration;
			buildSettings = {
				ALWAYS_SEARCH_USER_PATHS = NO;
				CLANG_ANALYZER_NONNULL = YES;
				CLANG_ANALYZER_NUMBER_OBJECT_CONVERSION = YES_AGGRESSIVE;
				CLANG_CXX_LANGUAGE_STANDARD = "gnu++14";
				CLANG_CXX_LIBRARY = "libc++";
				CLANG_ENABLE_MODULES = YES;
				CLANG_ENABLE_OBJC_ARC = YES;
				CLANG_ENABLE_OBJC_WEAK = YES;
				CLANG_WARN_BLOCK_CAPTURE_AUTORELEASING = YES;
				CLANG_WARN_BOOL_CONVERSION = YES;
				CLANG_WARN_COMMA = YES;
				CLANG_WARN_CONSTANT_CONVERSION = YES;
				CLANG_WARN_DEPRECATED_OBJC_IMPLEMENTATIONS = YES;
				CLANG_WARN_DIRECT_OBJC_ISA_USAGE = YES_ERROR;
				CLANG_WARN_DOCUMENTATION_COMMENTS = YES;
				CLANG_WARN_EMPTY_BODY = YES;
				CLANG_WARN_ENUM_CONVERSION = YES;
				CLANG_WARN_INFINITE_RECURSION = YES;
				CLANG_WARN_INT_CONVERSION = YES;
				CLANG_WARN_NON_LITERAL_NULL_CONVERSION = YES;
				CLANG_WARN_OBJC_IMPLICIT_RETAIN_SELF = YES;
				CLANG_WARN_OBJC_LITERAL_CONVERSION = YES;
				CLANG_WARN_OBJC_ROOT_CLASS = YES_ERROR;
				CLANG_WARN_RANGE_LOOP_ANALYSIS = YES;
				CLANG_WARN_STRICT_PROTOTYPES = YES;
				CLANG_WARN_SUSPICIOUS_MOVE = YES;
				CLANG_WARN_UNGUARDED_AVAILABILITY = YES_AGGRESSIVE;
				CLANG_WARN_UNREACHABLE_CODE = YES;
				CLANG_WARN__DUPLICATE_METHOD_MATCH = YES;
				CODE_SIGN_IDENTITY = "iPhone Developer";
				COPY_PHASE_STRIP = NO;
				DEBUG_INFORMATION_FORMAT = "dwarf-with-dsym";
				ENABLE_NS_ASSERTIONS = NO;
				ENABLE_STRICT_OBJC_MSGSEND = YES;
				GCC_C_LANGUAGE_STANDARD = gnu11;
				GCC_NO_COMMON_BLOCKS = YES;
				GCC_WARN_64_TO_32_BIT_CONVERSION = YES;
				GCC_WARN_ABOUT_RETURN_TYPE = YES_ERROR;
				GCC_WARN_UNDECLARED_SELECTOR = YES;
				GCC_WARN_UNINITIALIZED_AUTOS = YES_AGGRESSIVE;
				GCC_WARN_UNUSED_FUNCTION = YES;
				GCC_WARN_UNUSED_VARIABLE = YES;
				IPHONEOS_DEPLOYMENT_TARGET = 12.1;
				MTL_ENABLE_DEBUG_INFO = NO;
				MTL_FAST_MATH = YES;
				SDKROOT = iphoneos;
				SWIFT_COMPILATION_MODE = wholemodule;
				SWIFT_OPTIMIZATION_LEVEL = "-O";
				VALIDATE_PRODUCT = YES;
			};
			name = Release;
		};
		308662DF21FA48A3005D6681 /* Debug */ = {
			isa = XCBuildConfiguration;
			buildSettings = {
				ASSETCATALOG_COMPILER_APPICON_NAME = AppIcon;
				CODE_SIGN_STYLE = Automatic;
				DEVELOPMENT_TEAM = 2BULHRS882;
				INFOPLIST_FILE = SlotMachine/Info.plist;
				LD_RUNPATH_SEARCH_PATHS = (
					"$(inherited)",
					"@executable_path/Frameworks",
				);
				PRODUCT_BUNDLE_IDENTIFIER = CentennialCollege.SlotMachine;
				PRODUCT_NAME = "$(TARGET_NAME)";
				SWIFT_VERSION = 4.2;
				TARGETED_DEVICE_FAMILY = "1,2";
			};
			name = Debug;
		};
		308662E021FA48A3005D6681 /* Release */ = {
			isa = XCBuildConfiguration;
			buildSettings = {
				ASSETCATALOG_COMPILER_APPICON_NAME = AppIcon;
				CODE_SIGN_STYLE = Automatic;
				DEVELOPMENT_TEAM = 2BULHRS882;
				INFOPLIST_FILE = SlotMachine/Info.plist;
				LD_RUNPATH_SEARCH_PATHS = (
					"$(inherited)",
					"@executable_path/Frameworks",
				);
				PRODUCT_BUNDLE_IDENTIFIER = CentennialCollege.SlotMachine;
				PRODUCT_NAME = "$(TARGET_NAME)";
				SWIFT_VERSION = 4.2;
				TARGETED_DEVICE_FAMILY = "1,2";
			};
			name = Release;
		};
		308662E221FA48A3005D6681 /* Debug */ = {
			isa = XCBuildConfiguration;
			buildSettings = {
				ALWAYS_EMBED_SWIFT_STANDARD_LIBRARIES = YES;
				BUNDLE_LOADER = "$(TEST_HOST)";
				CODE_SIGN_STYLE = Automatic;
				DEVELOPMENT_TEAM = 2BULHRS882;
				INFOPLIST_FILE = SlotMachineTests/Info.plist;
				LD_RUNPATH_SEARCH_PATHS = (
					"$(inherited)",
					"@executable_path/Frameworks",
					"@loader_path/Frameworks",
				);
				PRODUCT_BUNDLE_IDENTIFIER = CentennialCollege.SlotMachineTests;
				PRODUCT_NAME = "$(TARGET_NAME)";
				SWIFT_VERSION = 4.2;
				TARGETED_DEVICE_FAMILY = "1,2";
				TEST_HOST = "$(BUILT_PRODUCTS_DIR)/SlotMachine.app/SlotMachine";
			};
			name = Debug;
		};
		308662E321FA48A3005D6681 /* Release */ = {
			isa = XCBuildConfiguration;
			buildSettings = {
				ALWAYS_EMBED_SWIFT_STANDARD_LIBRARIES = YES;
				BUNDLE_LOADER = "$(TEST_HOST)";
				CODE_SIGN_STYLE = Automatic;
				DEVELOPMENT_TEAM = 2BULHRS882;
				INFOPLIST_FILE = SlotMachineTests/Info.plist;
				LD_RUNPATH_SEARCH_PATHS = (
					"$(inherited)",
					"@executable_path/Frameworks",
					"@loader_path/Frameworks",
				);
				PRODUCT_BUNDLE_IDENTIFIER = CentennialCollege.SlotMachineTests;
				PRODUCT_NAME = "$(TARGET_NAME)";
				SWIFT_VERSION = 4.2;
				TARGETED_DEVICE_FAMILY = "1,2";
				TEST_HOST = "$(BUILT_PRODUCTS_DIR)/SlotMachine.app/SlotMachine";
			};
			name = Release;
		};
		308662E521FA48A3005D6681 /* Debug */ = {
			isa = XCBuildConfiguration;
			buildSettings = {
				ALWAYS_EMBED_SWIFT_STANDARD_LIBRARIES = YES;
				CODE_SIGN_STYLE = Automatic;
				DEVELOPMENT_TEAM = 2BULHRS882;
				INFOPLIST_FILE = SlotMachineUITests/Info.plist;
				LD_RUNPATH_SEARCH_PATHS = (
					"$(inherited)",
					"@executable_path/Frameworks",
					"@loader_path/Frameworks",
				);
				PRODUCT_BUNDLE_IDENTIFIER = CentennialCollege.SlotMachineUITests;
				PRODUCT_NAME = "$(TARGET_NAME)";
				SWIFT_VERSION = 4.2;
				TARGETED_DEVICE_FAMILY = "1,2";
				TEST_TARGET_NAME = SlotMachine;
			};
			name = Debug;
		};
		308662E621FA48A3005D6681 /* Release */ = {
			isa = XCBuildConfiguration;
			buildSettings = {
				ALWAYS_EMBED_SWIFT_STANDARD_LIBRARIES = YES;
				CODE_SIGN_STYLE = Automatic;
				DEVELOPMENT_TEAM = 2BULHRS882;
				INFOPLIST_FILE = SlotMachineUITests/Info.plist;
				LD_RUNPATH_SEARCH_PATHS = (
					"$(inherited)",
					"@executable_path/Frameworks",
					"@loader_path/Frameworks",
				);
				PRODUCT_BUNDLE_IDENTIFIER = CentennialCollege.SlotMachineUITests;
				PRODUCT_NAME = "$(TARGET_NAME)";
				SWIFT_VERSION = 4.2;
				TARGETED_DEVICE_FAMILY = "1,2";
				TEST_TARGET_NAME = SlotMachine;
			};
			name = Release;
		};
/* End XCBuildConfiguration section */

/* Begin XCConfigurationList section */
		308662AB21FA48A1005D6681 /* Build configuration list for PBXProject "SlotMachine" */ = {
			isa = XCConfigurationList;
			buildConfigurations = (
				308662DC21FA48A3005D6681 /* Debug */,
				308662DD21FA48A3005D6681 /* Release */,
			);
			defaultConfigurationIsVisible = 0;
			defaultConfigurationName = Release;
		};
		308662DE21FA48A3005D6681 /* Build configuration list for PBXNativeTarget "SlotMachine" */ = {
			isa = XCConfigurationList;
			buildConfigurations = (
				308662DF21FA48A3005D6681 /* Debug */,
				308662E021FA48A3005D6681 /* Release */,
			);
			defaultConfigurationIsVisible = 0;
			defaultConfigurationName = Release;
		};
		308662E121FA48A3005D6681 /* Build configuration list for PBXNativeTarget "SlotMachineTests" */ = {
			isa = XCConfigurationList;
			buildConfigurations = (
				308662E221FA48A3005D6681 /* Debug */,
				308662E321FA48A3005D6681 /* Release */,
			);
			defaultConfigurationIsVisible = 0;
			defaultConfigurationName = Release;
		};
		308662E421FA48A3005D6681 /* Build configuration list for PBXNativeTarget "SlotMachineUITests" */ = {
			isa = XCConfigurationList;
			buildConfigurations = (
				308662E521FA48A3005D6681 /* Debug */,
				308662E621FA48A3005D6681 /* Release */,
			);
			defaultConfigurationIsVisible = 0;
			defaultConfigurationName = Release;
		};
/* End XCConfigurationList section */
	};
	rootObject = 308662A821FA48A1005D6681 /* Project object */;
}
